// !$*UTF8*$!
{
	archiveVersion = 1;
	classes = {
	};
	objectVersion = 77;
	objects = {

/* Begin PBXBuildFile section */
		08632D87F1F65560C11C3793 /* Route.swift in Sources */ = {isa = PBXBuildFile; fileRef = FB163F2E874BD476AA718235 /* Route.swift */; };
		12E3A94BF863245C68B7F055 /* EmptyStateView.swift in Sources */ = {isa = PBXBuildFile; fileRef = 5FA7CA43F07966E246427348 /* EmptyStateView.swift */; };
		1BEEC922907517D568B3EED3 /* OCMTileOverlay.swift in Sources */ = {isa = PBXBuildFile; fileRef = A8C1F85DE606677E0F3E727A /* OCMTileOverlay.swift */; };
		22A4F02314ADCCD9950FC33D /* APIService.swift in Sources */ = {isa = PBXBuildFile; fileRef = E9D861E65EB4B5CCABAC5171 /* APIService.swift */; };
		2E83C89FF341D12751201476 /* CityWalkApp.swift in Sources */ = {isa = PBXBuildFile; fileRef = 2771F50633809434FF248F28 /* CityWalkApp.swift */; };
		35C86AF387578048C9166FA0 /* TokenStorage.swift in Sources */ = {isa = PBXBuildFile; fileRef = 2107F697AAA34C3319277B9A /* TokenStorage.swift */; };
		3B526D8530B54A35C82E19F4 /* ExploreView.swift in Sources */ = {isa = PBXBuildFile; fileRef = 5EDF5CBE8CB3B1F5943B4AA4 /* ExploreView.swift */; };
		5E8B76ECCC9EFC8150B865BC /* EnvironmentManager.swift in Sources */ = {isa = PBXBuildFile; fileRef = 2A120C9AAA7647D52FEF6434 /* EnvironmentManager.swift */; };
		63FC3937180B89CEC062639F /* SkeletonView.swift in Sources */ = {isa = PBXBuildFile; fileRef = CE1D6E530F6F95D8607BE3F4 /* SkeletonView.swift */; };
		68AF6C3FCFAD76A4F76728E5 /* AuthModels.swift in Sources */ = {isa = PBXBuildFile; fileRef = 51263039C8FDD2855B4BF440 /* AuthModels.swift */; };
		6C1501883E51A9B88CEA38E7 /* ExploreViewModel.swift in Sources */ = {isa = PBXBuildFile; fileRef = 2E8EA0D6D8F96B49F7576838 /* ExploreViewModel.swift */; };
		74C8AB197987E5B223C2B341 /* ShareCardView.swift in Sources */ = {isa = PBXBuildFile; fileRef = CDEF291FB153E6CDA4866860 /* ShareCardView.swift */; };
		79BFAE59BB0916C9955AACFD /* MapLayerToggle.swift in Sources */ = {isa = PBXBuildFile; fileRef = 98642E2CC4494C5F9D7E7919 /* MapLayerToggle.swift */; };
		7A1B2C3D4E5F6A7B8C9D0E1F /* RouteRecordingService.swift in Sources */ = {isa = PBXBuildFile; fileRef = AA1B2C3D4E5F6A7B8C9D0E1F /* RouteRecordingService.swift */; };
		8B2C3D4E5F6A7B8C9D0E1F2A /* RouteRecordingView.swift in Sources */ = {isa = PBXBuildFile; fileRef = BB2C3D4E5F6A7B8C9D0E1F2A /* RouteRecordingView.swift */; };
		8F7423A87B7C6A2D312B6893 /* Assets.xcassets in Resources */ = {isa = PBXBuildFile; fileRef = 86FFCC8459DC13603BE77776 /* Assets.xcassets */; };
		92157A2035835458CCD72E77 /* EditRouteView.swift in Sources */ = {isa = PBXBuildFile; fileRef = 6C6220D4E3970763052758AB /* EditRouteView.swift */; };
		96CE1F5268D429265237AD8D /* CoordTransform.swift in Sources */ = {isa = PBXBuildFile; fileRef = E67A45562CF6E1F410641E93 /* CoordTransform.swift */; };
		AC4E1E05892326BE3B50D08A /* AuthService.swift in Sources */ = {isa = PBXBuildFile; fileRef = 2F76CD64EC9D42EEF93E1CF4 /* AuthService.swift */; };
		AD54B852756A233DD9A5B011 /* CoordinateConverter.swift in Sources */ = {isa = PBXBuildFile; fileRef = 6FDF992238B1D1ACA48E8659 /* CoordinateConverter.swift */; };
		D3B0AA513DE7CADF619622F6 /* AuthViewModel.swift in Sources */ = {isa = PBXBuildFile; fileRef = 7C7E2BFB137E4AE46BBCAB4F /* AuthViewModel.swift */; };
		D61BA36E63FFEE29DA605E7B /* User.swift in Sources */ = {isa = PBXBuildFile; fileRef = C1B83EB79CE42A81044B87FE /* User.swift */; };
		DB30BFE49315F03B00681A2A /* Pods_CityWalk.framework in Frameworks */ = {isa = PBXBuildFile; fileRef = 92217E0E376A39AA90414C4E /* Pods_CityWalk.framework */; };
		F1A2B3C4D5E6F78901234567 /* AppConfig.swift in Sources */ = {isa = PBXBuildFile; fileRef = A9B8C7D6E5F4012345678901 /* AppConfig.swift */; };
		F372C746F093859B8E5E0461 /* LoginView.swift in Sources */ = {isa = PBXBuildFile; fileRef = C9D71381913D16C121E26DC7 /* LoginView.swift */; };
/* End PBXBuildFile section */

/* Begin PBXFileReference section */
		2107F697AAA34C3319277B9A /* TokenStorage.swift */ = {isa = PBXFileReference; includeInIndex = 1; lastKnownFileType = sourcecode.swift; name = TokenStorage.swift; path = TokenStorage.swift; sourceTree = "<group>"; };
		2771F50633809434FF248F28 /* CityWalkApp.swift */ = {isa = PBXFileReference; lastKnownFileType = sourcecode.swift; path = CityWalkApp.swift; sourceTree = "<group>"; };
		2A120C9AAA7647D52FEF6434 /* EnvironmentManager.swift */ = {isa = PBXFileReference; includeInIndex = 1; lastKnownFileType = sourcecode.swift; name = EnvironmentManager.swift; path = EnvironmentManager.swift; sourceTree = "<group>"; };
		2E8EA0D6D8F96B49F7576838 /* ExploreViewModel.swift */ = {isa = PBXFileReference; lastKnownFileType = sourcecode.swift; path = ExploreViewModel.swift; sourceTree = "<group>"; };
		2F76CD64EC9D42EEF93E1CF4 /* AuthService.swift */ = {isa = PBXFileReference; includeInIndex = 1; lastKnownFileType = sourcecode.swift; name = AuthService.swift; path = AuthService.swift; sourceTree = "<group>"; };
		336BD40B99B0E7AB523DF7A0 /* CityWalk.app */ = {isa = PBXFileReference; explicitFileType = wrapper.application; includeInIndex = 0; path = CityWalk.app; sourceTree = BUILT_PRODUCTS_DIR; };
		46400CEDFBD5F2C91D1AD6F2 /* Pods-CityWalk.release.xcconfig */ = {isa = PBXFileReference; includeInIndex = 1; lastKnownFileType = text.xcconfig; name = "Pods-CityWalk.release.xcconfig"; path = "Target Support Files/Pods-CityWalk/Pods-CityWalk.release.xcconfig"; sourceTree = "<group>"; };
		51263039C8FDD2855B4BF440 /* AuthModels.swift */ = {isa = PBXFileReference; includeInIndex = 1; lastKnownFileType = sourcecode.swift; name = AuthModels.swift; path = AuthModels.swift; sourceTree = "<group>"; };
		5EDF5CBE8CB3B1F5943B4AA4 /* ExploreView.swift */ = {isa = PBXFileReference; lastKnownFileType = sourcecode.swift; path = ExploreView.swift; sourceTree = "<group>"; };
		5FA7CA43F07966E246427348 /* EmptyStateView.swift */ = {isa = PBXFileReference; includeInIndex = 1; lastKnownFileType = sourcecode.swift; path = EmptyStateView.swift; sourceTree = "<group>"; };
		6C6220D4E3970763052758AB /* EditRouteView.swift */ = {isa = PBXFileReference; includeInIndex = 1; lastKnownFileType = sourcecode.swift; path = EditRouteView.swift; sourceTree = "<group>"; };
		6FDF992238B1D1ACA48E8659 /* CoordinateConverter.swift */ = {isa = PBXFileReference; lastKnownFileType = sourcecode.swift; path = CoordinateConverter.swift; sourceTree = "<group>"; };
		7C7E2BFB137E4AE46BBCAB4F /* AuthViewModel.swift */ = {isa = PBXFileReference; includeInIndex = 1; lastKnownFileType = sourcecode.swift; name = AuthViewModel.swift; path = AuthViewModel.swift; sourceTree = "<group>"; };
		86FFCC8459DC13603BE77776 /* Assets.xcassets */ = {isa = PBXFileReference; lastKnownFileType = folder.assetcatalog; path = Assets.xcassets; sourceTree = "<group>"; };
		92217E0E376A39AA90414C4E /* Pods_CityWalk.framework */ = {isa = PBXFileReference; explicitFileType = wrapper.framework; includeInIndex = 0; path = Pods_CityWalk.framework; sourceTree = BUILT_PRODUCTS_DIR; };
		972FAC48E88D8DB3156E97D5 /* Pods-CityWalk.debug.xcconfig */ = {isa = PBXFileReference; includeInIndex = 1; lastKnownFileType = text.xcconfig; name = "Pods-CityWalk.debug.xcconfig"; path = "Target Support Files/Pods-CityWalk/Pods-CityWalk.debug.xcconfig"; sourceTree = "<group>"; };
		98642E2CC4494C5F9D7E7919 /* MapLayerToggle.swift */ = {isa = PBXFileReference; includeInIndex = 1; lastKnownFileType = sourcecode.swift; path = MapLayerToggle.swift; sourceTree = "<group>"; };
		A5260720EDD69CD77796C0FC /* Info.plist */ = {isa = PBXFileReference; lastKnownFileType = text.plist; path = Info.plist; sourceTree = "<group>"; };
		A8C1F85DE606677E0F3E727A /* OCMTileOverlay.swift */ = {isa = PBXFileReference; includeInIndex = 1; lastKnownFileType = sourcecode.swift; path = OCMTileOverlay.swift; sourceTree = "<group>"; };
		A9B8C7D6E5F4012345678901 /* AppConfig.swift */ = {isa = PBXFileReference; lastKnownFileType = sourcecode.swift; path = AppConfig.swift; sourceTree = "<group>"; };
		AA1B2C3D4E5F6A7B8C9D0E1F /* RouteRecordingService.swift */ = {isa = PBXFileReference; lastKnownFileType = sourcecode.swift; path = RouteRecordingService.swift; sourceTree = "<group>"; };
		BB2C3D4E5F6A7B8C9D0E1F2A /* RouteRecordingView.swift */ = {isa = PBXFileReference; lastKnownFileType = sourcecode.swift; path = RouteRecordingView.swift; sourceTree = "<group>"; };
		C1B83EB79CE42A81044B87FE /* User.swift */ = {isa = PBXFileReference; includeInIndex = 1; lastKnownFileType = sourcecode.swift; path = User.swift; sourceTree = "<group>"; };
		C9D71381913D16C121E26DC7 /* LoginView.swift */ = {isa = PBXFileReference; includeInIndex = 1; lastKnownFileType = sourcecode.swift; name = LoginView.swift; path = LoginView.swift; sourceTree = "<group>"; };
		CDEF291FB153E6CDA4866860 /* ShareCardView.swift */ = {isa = PBXFileReference; includeInIndex = 1; lastKnownFileType = sourcecode.swift; path = ShareCardView.swift; sourceTree = "<group>"; };
		CE1D6E530F6F95D8607BE3F4 /* SkeletonView.swift */ = {isa = PBXFileReference; includeInIndex = 1; lastKnownFileType = sourcecode.swift; path = SkeletonView.swift; sourceTree = "<group>"; };
		E67A45562CF6E1F410641E93 /* CoordTransform.swift */ = {isa = PBXFileReference; includeInIndex = 1; lastKnownFileType = sourcecode.swift; path = CoordTransform.swift; sourceTree = "<group>"; };
		E9D861E65EB4B5CCABAC5171 /* APIService.swift */ = {isa = PBXFileReference; lastKnownFileType = sourcecode.swift; path = APIService.swift; sourceTree = "<group>"; };
		FB163F2E874BD476AA718235 /* Route.swift */ = {isa = PBXFileReference; lastKnownFileType = sourcecode.swift; path = Route.swift; sourceTree = "<group>"; };
/* End PBXFileReference section */

/* Begin PBXFrameworksBuildPhase section */
		C13B672B5B851331DC2012B5 /* Frameworks */ = {
			isa = PBXFrameworksBuildPhase;
			buildActionMask = 2147483647;
			files = (
				DB30BFE49315F03B00681A2A /* Pods_CityWalk.framework in Frameworks */,
			);
			runOnlyForDeploymentPostprocessing = 0;
		};
/* End PBXFrameworksBuildPhase section */

/* Begin PBXGroup section */
		0070BF4693F7FF72298CAA0B /* ViewModels */ = {
			isa = PBXGroup;
			children = (
				2E8EA0D6D8F96B49F7576838 /* ExploreViewModel.swift */,
				7C7E2BFB137E4AE46BBCAB4F /* AuthViewModel.swift */,
			);
			path = ViewModels;
			sourceTree = "<group>";
		};
		0B987BDB3AD2F3AE6D23B21E /* Pods */ = {
			isa = PBXGroup;
			children = (
				972FAC48E88D8DB3156E97D5 /* Pods-CityWalk.debug.xcconfig */,
				46400CEDFBD5F2C91D1AD6F2 /* Pods-CityWalk.release.xcconfig */,
			);
			path = Pods;
			sourceTree = "<group>";
		};
		16EA0BC0570F90D9C67D5FFE /* Utils */ = {
			isa = PBXGroup;
			children = (
				6FDF992238B1D1ACA48E8659 /* CoordinateConverter.swift */,
				E67A45562CF6E1F410641E93 /* CoordTransform.swift */,
			);
			path = Utils;
			sourceTree = "<group>";
		};
		1A65E7A6F076A060A9B32B4B /* CityWalk */ = {
			isa = PBXGroup;
			children = (
				2771F50633809434FF248F28 /* CityWalkApp.swift */,
				A5260720EDD69CD77796C0FC /* Info.plist */,
				36B76B5F6402E9D194AE78B8 /* Models */,
				AF15139F2CDA448125449AA4 /* Resources */,
				79735117CB7A7CA61716AD83 /* Services */,
				16EA0BC0570F90D9C67D5FFE /* Utils */,
				0070BF4693F7FF72298CAA0B /* ViewModels */,
				29D09854FCCA76FDF78AE7A0 /* Views */,
			);
			path = CityWalk;
			sourceTree = "<group>";
		};
		29D09854FCCA76FDF78AE7A0 /* Views */ = {
			isa = PBXGroup;
			children = (
				5EDF5CBE8CB3B1F5943B4AA4 /* ExploreView.swift */,
				BB2C3D4E5F6A7B8C9D0E1F2A /* RouteRecordingView.swift */,
				C9D71381913D16C121E26DC7 /* LoginView.swift */,
				5FA7CA43F07966E246427348 /* EmptyStateView.swift */,
				6C6220D4E3970763052758AB /* EditRouteView.swift */,
				CDEF291FB153E6CDA4866860 /* ShareCardView.swift */,
				CE1D6E530F6F95D8607BE3F4 /* SkeletonView.swift */,
				98642E2CC4494C5F9D7E7919 /* MapLayerToggle.swift */,
			);
			path = Views;
			sourceTree = "<group>";
		};
		36B76B5F6402E9D194AE78B8 /* Models */ = {
			isa = PBXGroup;
			children = (
				FB163F2E874BD476AA718235 /* Route.swift */,
				51263039C8FDD2855B4BF440 /* AuthModels.swift */,
				C1B83EB79CE42A81044B87FE /* User.swift */,
			);
			path = Models;
			sourceTree = "<group>";
		};
		672E7A7B3AE20B56D9841C04 = {
			isa = PBXGroup;
			children = (
				1A65E7A6F076A060A9B32B4B /* CityWalk */,
				92926FB9CE7721C73254535C /* Products */,
				0B987BDB3AD2F3AE6D23B21E /* Pods */,
				FE27B5183813AE048C50BB13 /* Frameworks */,
			);
			sourceTree = "<group>";
		};
		79735117CB7A7CA61716AD83 /* Services */ = {
			isa = PBXGroup;
			children = (
				A9B8C7D6E5F4012345678901 /* AppConfig.swift */,
				E9D861E65EB4B5CCABAC5171 /* APIService.swift */,
				AA1B2C3D4E5F6A7B8C9D0E1F /* RouteRecordingService.swift */,
				2A120C9AAA7647D52FEF6434 /* EnvironmentManager.swift */,
				2107F697AAA34C3319277B9A /* TokenStorage.swift */,
				2F76CD64EC9D42EEF93E1CF4 /* AuthService.swift */,
				A8C1F85DE606677E0F3E727A /* OCMTileOverlay.swift */,
			);
			path = Services;
			sourceTree = "<group>";
		};
		92926FB9CE7721C73254535C /* Products */ = {
			isa = PBXGroup;
			children = (
				336BD40B99B0E7AB523DF7A0 /* CityWalk.app */,
			);
			name = Products;
			sourceTree = "<group>";
		};
		AF15139F2CDA448125449AA4 /* Resources */ = {
			isa = PBXGroup;
			children = (
				86FFCC8459DC13603BE77776 /* Assets.xcassets */,
			);
			path = Resources;
			sourceTree = "<group>";
		};
		FE27B5183813AE048C50BB13 /* Frameworks */ = {
			isa = PBXGroup;
			children = (
				92217E0E376A39AA90414C4E /* Pods_CityWalk.framework */,
			);
			name = Frameworks;
			sourceTree = "<group>";
		};
/* End PBXGroup section */

/* Begin PBXNativeTarget section */
		960D8AFFA1A2CF9E59004839 /* CityWalk */ = {
			isa = PBXNativeTarget;
			buildConfigurationList = B4564856946F20D8DCCB6EED /* Build configuration list for PBXNativeTarget "CityWalk" */;
			buildPhases = (
				B28B48825BA7728D47B04393 /* [CP] Check Pods Manifest.lock */,
				A0D2D5E227427E5E79E18F3B /* Sources */,
				1998188312C4E0892FBB0A82 /* Resources */,
				C13B672B5B851331DC2012B5 /* Frameworks */,
				5CE65B9EA368BEC4DCA6EE45 /* [CP] Copy Pods Resources */,
			);
			buildRules = (
			);
			dependencies = (
			);
			name = CityWalk;
			productName = CityWalk;
			productReference = 336BD40B99B0E7AB523DF7A0 /* CityWalk.app */;
			productType = "com.apple.product-type.application";
		};
/* End PBXNativeTarget section */

/* Begin PBXProject section */
		DE66A5B56B134EE57A3282CB /* Project object */ = {
			isa = PBXProject;
			attributes = {
				BuildIndependentTargetsInParallel = YES;
				LastUpgradeCheck = 1500;
				TargetAttributes = {
					960D8AFFA1A2CF9E59004839 = {
						ProvisioningStyle = Automatic;
					};
				};
			};
			buildConfigurationList = 94EB0CE7C0D10EAA275CC0ED /* Build configuration list for PBXProject "CityWalk" */;
			developmentRegion = en;
			hasScannedForEncodings = 0;
			knownRegions = (
				Base,
				en,
			);
			mainGroup = 672E7A7B3AE20B56D9841C04;
			minimizedProjectReferenceProxies = 1;
			preferredProjectObjectVersion = 77;
			productRefGroup = 92926FB9CE7721C73254535C /* Products */;
			projectDirPath = "";
			projectRoot = "";
			targets = (
				960D8AFFA1A2CF9E59004839 /* CityWalk */,
			);
		};
/* End PBXProject section */

/* Begin PBXResourcesBuildPhase section */
		1998188312C4E0892FBB0A82 /* Resources */ = {
			isa = PBXResourcesBuildPhase;
			buildActionMask = 2147483647;
			files = (
				8F7423A87B7C6A2D312B6893 /* Assets.xcassets in Resources */,
			);
			runOnlyForDeploymentPostprocessing = 0;
		};
/* End PBXResourcesBuildPhase section */

/* Begin PBXShellScriptBuildPhase section */
		5CE65B9EA368BEC4DCA6EE45 /* [CP] Copy Pods Resources */ = {
			isa = PBXShellScriptBuildPhase;
			buildActionMask = 2147483647;
			files = (
			);
			inputFileListPaths = (
				"${PODS_ROOT}/Target Support Files/Pods-CityWalk/Pods-CityWalk-resources-${CONFIGURATION}-input-files.xcfilelist",
			);
			name = "[CP] Copy Pods Resources";
			outputFileListPaths = (
				"${PODS_ROOT}/Target Support Files/Pods-CityWalk/Pods-CityWalk-resources-${CONFIGURATION}-output-files.xcfilelist",
			);
			runOnlyForDeploymentPostprocessing = 0;
			shellPath = /bin/sh;
			shellScript = "\"${PODS_ROOT}/Target Support Files/Pods-CityWalk/Pods-CityWalk-resources.sh\"\n";
			showEnvVarsInLog = 0;
		};
		B28B48825BA7728D47B04393 /* [CP] Check Pods Manifest.lock */ = {
			isa = PBXShellScriptBuildPhase;
			buildActionMask = 2147483647;
			files = (
			);
			inputFileListPaths = (
			);
			inputPaths = (
				"${PODS_PODFILE_DIR_PATH}/Podfile.lock",
				"${PODS_ROOT}/Manifest.lock",
			);
			name = "[CP] Check Pods Manifest.lock";
			outputFileListPaths = (
			);
			outputPaths = (
				"$(DERIVED_FILE_DIR)/Pods-CityWalk-checkManifestLockResult.txt",
			);
			runOnlyForDeploymentPostprocessing = 0;
			shellPath = /bin/sh;
			shellScript = "diff \"${PODS_PODFILE_DIR_PATH}/Podfile.lock\" \"${PODS_ROOT}/Manifest.lock\" > /dev/null\nif [ $? != 0 ] ; then\n    # print error to STDERR\n    echo \"error: The sandbox is not in sync with the Podfile.lock. Run 'pod install' or update your CocoaPods installation.\" >&2\n    exit 1\nfi\n# This output is used by Xcode 'outputs' to avoid re-running this script phase.\necho \"SUCCESS\" > \"${SCRIPT_OUTPUT_FILE_0}\"\n";
			showEnvVarsInLog = 0;
		};
/* End PBXShellScriptBuildPhase section */

/* Begin PBXSourcesBuildPhase section */
		A0D2D5E227427E5E79E18F3B /* Sources */ = {
			isa = PBXSourcesBuildPhase;
			buildActionMask = 2147483647;
			files = (
				F1A2B3C4D5E6F78901234567 /* AppConfig.swift in Sources */,
				22A4F02314ADCCD9950FC33D /* APIService.swift in Sources */,
				2E83C89FF341D12751201476 /* CityWalkApp.swift in Sources */,
				AD54B852756A233DD9A5B011 /* CoordinateConverter.swift in Sources */,
				3B526D8530B54A35C82E19F4 /* ExploreView.swift in Sources */,
				6C1501883E51A9B88CEA38E7 /* ExploreViewModel.swift in Sources */,
				7A1B2C3D4E5F6A7B8C9D0E1F /* RouteRecordingService.swift in Sources */,
				8B2C3D4E5F6A7B8C9D0E1F2A /* RouteRecordingView.swift in Sources */,
				08632D87F1F65560C11C3793 /* Route.swift in Sources */,
				5E8B76ECCC9EFC8150B865BC /* EnvironmentManager.swift in Sources */,
				35C86AF387578048C9166FA0 /* TokenStorage.swift in Sources */,
				AC4E1E05892326BE3B50D08A /* AuthService.swift in Sources */,
				68AF6C3FCFAD76A4F76728E5 /* AuthModels.swift in Sources */,
				D3B0AA513DE7CADF619622F6 /* AuthViewModel.swift in Sources */,
				F372C746F093859B8E5E0461 /* LoginView.swift in Sources */,
				12E3A94BF863245C68B7F055 /* EmptyStateView.swift in Sources */,
				92157A2035835458CCD72E77 /* EditRouteView.swift in Sources */,
				74C8AB197987E5B223C2B341 /* ShareCardView.swift in Sources */,
				D61BA36E63FFEE29DA605E7B /* User.swift in Sources */,
				63FC3937180B89CEC062639F /* SkeletonView.swift in Sources */,
				96CE1F5268D429265237AD8D /* CoordTransform.swift in Sources */,
				1BEEC922907517D568B3EED3 /* OCMTileOverlay.swift in Sources */,
				79BFAE59BB0916C9955AACFD /* MapLayerToggle.swift in Sources */,
			);
			runOnlyForDeploymentPostprocessing = 0;
		};
/* End PBXSourcesBuildPhase section */

/* Begin XCBuildConfiguration section */
		0A573C100FA8568F8FC21E94 /* Debug */ = {
			isa = XCBuildConfiguration;
			baseConfigurationReference = 972FAC48E88D8DB3156E97D5 /* Pods-CityWalk.debug.xcconfig */;
			buildSettings = {
				ASSETCATALOG_COMPILER_APPICON_NAME = AppIcon;
				ASSETCATALOG_COMPILER_GLOBAL_ACCENT_COLOR_NAME = AccentColor;
				CODE_SIGN_IDENTITY = "iPhone Developer";
				CODE_SIGN_STYLE = Automatic;
				DEVELOPMENT_TEAM = HY79M87Y8X;
				INFOPLIST_FILE = CityWalk/Info.plist;
				LD_RUNPATH_SEARCH_PATHS = (
					"$(inherited)",
					"@executable_path/Frameworks",
				);
				PRODUCT_BUNDLE_IDENTIFIER = com.citywalk.app;
				SDKROOT = iphoneos;
				TARGETED_DEVICE_FAMILY = "1,2";
			};
			name = Debug;
		};
		32DC6475BCFEFE4E3FD0157E /* Release */ = {
			isa = XCBuildConfiguration;
			buildSettings = {
				ALWAYS_SEARCH_USER_PATHS = NO;
				CLANG_ANALYZER_NONNULL = YES;
				CLANG_ANALYZER_NUMBER_OBJECT_CONVERSION = YES_AGGRESSIVE;
				CLANG_CXX_LANGUAGE_STANDARD = "gnu++14";
				CLANG_CXX_LIBRARY = "libc++";
				CLANG_ENABLE_MODULES = YES;
				CLANG_ENABLE_OBJC_ARC = YES;
				CLANG_ENABLE_OBJC_WEAK = YES;
				CLANG_WARN_BLOCK_CAPTURE_AUTORELEASING = YES;
				CLANG_WARN_BOOL_CONVERSION = YES;
				CLANG_WARN_COMMA = YES;
				CLANG_WARN_CONSTANT_CONVERSION = YES;
				CLANG_WARN_DEPRECATED_OBJC_IMPLEMENTATIONS = YES;
				CLANG_WARN_DIRECT_OBJC_ISA_USAGE = YES_ERROR;
				CLANG_WARN_DOCUMENTATION_COMMENTS = YES;
				CLANG_WARN_EMPTY_BODY = YES;
				CLANG_WARN_ENUM_CONVERSION = YES;
				CLANG_WARN_INFINITE_RECURSION = YES;
				CLANG_WARN_INT_CONVERSION = YES;
				CLANG_WARN_NON_LITERAL_NULL_CONVERSION = YES;
				CLANG_WARN_OBJC_IMPLICIT_RETAIN_SELF = YES;
				CLANG_WARN_OBJC_LITERAL_CONVERSION = YES;
				CLANG_WARN_OBJC_ROOT_CLASS = YES_ERROR;
				CLANG_WARN_QUOTED_INCLUDE_IN_FRAMEWORK_HEADER = YES;
				CLANG_WARN_RANGE_LOOP_ANALYSIS = YES;
				CLANG_WARN_STRICT_PROTOTYPES = YES;
				CLANG_WARN_SUSPICIOUS_MOVE = YES;
				CLANG_WARN_UNGUARDED_AVAILABILITY = YES_AGGRESSIVE;
				CLANG_WARN_UNREACHABLE_CODE = YES;
				CLANG_WARN__DUPLICATE_METHOD_MATCH = YES;
				COPY_PHASE_STRIP = NO;
				DEBUG_INFORMATION_FORMAT = "dwarf-with-dsym";
				DEVELOPMENT_LANGUAGE = en;
				ENABLE_NS_ASSERTIONS = NO;
				ENABLE_PREVIEWS = YES;
				ENABLE_STRICT_OBJC_MSGSEND = YES;
				GCC_C_LANGUAGE_STANDARD = gnu11;
				GCC_NO_COMMON_BLOCKS = YES;
				GCC_WARN_64_TO_32_BIT_CONVERSION = YES;
				GCC_WARN_ABOUT_RETURN_TYPE = YES_ERROR;
				GCC_WARN_UNDECLARED_SELECTOR = YES;
				GCC_WARN_UNINITIALIZED_AUTOS = YES_AGGRESSIVE;
				GCC_WARN_UNUSED_FUNCTION = YES;
				GCC_WARN_UNUSED_VARIABLE = YES;
				IPHONEOS_DEPLOYMENT_TARGET = 16.0;
				MTL_ENABLE_DEBUG_INFO = NO;
				MTL_FAST_MATH = YES;
				PRODUCT_NAME = CityWalk;
				SDKROOT = iphoneos;
				SWIFT_COMPILATION_MODE = wholemodule;
				SWIFT_OPTIMIZATION_LEVEL = "-O";
				SWIFT_VERSION = 5.5;
				TARGETED_DEVICE_FAMILY = "1,2";
			};
			name = Release;
		};
		9D71089C7DA6A67B3ED26F5C /* Release */ = {
			isa = XCBuildConfiguration;
			baseConfigurationReference = 46400CEDFBD5F2C91D1AD6F2 /* Pods-CityWalk.release.xcconfig */;
			buildSettings = {
				ASSETCATALOG_COMPILER_APPICON_NAME = AppIcon;
				ASSETCATALOG_COMPILER_GLOBAL_ACCENT_COLOR_NAME = AccentColor;
				CODE_SIGN_IDENTITY = "iPhone Developer";
				CODE_SIGN_STYLE = Automatic;
				DEVELOPMENT_TEAM = HY79M87Y8X;
				INFOPLIST_FILE = CityWalk/Info.plist;
				LD_RUNPATH_SEARCH_PATHS = (
					"$(inherited)",
					"@executable_path/Frameworks",
				);
				PRODUCT_BUNDLE_IDENTIFIER = com.citywalk.app;
				SDKROOT = iphoneos;
				TARGETED_DEVICE_FAMILY = "1,2";
			};
			name = Release;
		};
		D4BFD3159246611145CC88B2 /* Debug */ = {
			isa = XCBuildConfiguration;
			buildSettings = {
				ALWAYS_SEARCH_USER_PATHS = NO;
				CLANG_ANALYZER_NONNULL = YES;
				CLANG_ANALYZER_NUMBER_OBJECT_CONVERSION = YES_AGGRESSIVE;
				CLANG_CXX_LANGUAGE_STANDARD = "gnu++14";
				CLANG_CXX_LIBRARY = "libc++";
				CLANG_ENABLE_MODULES = YES;
				CLANG_ENABLE_OBJC_ARC = YES;
				CLANG_ENABLE_OBJC_WEAK = YES;
				CLANG_WARN_BLOCK_CAPTURE_AUTORELEASING = YES;
				CLANG_WARN_BOOL_CONVERSION = YES;
				CLANG_WARN_COMMA = YES;
				CLANG_WARN_CONSTANT_CONVERSION = YES;
				CLANG_WARN_DEPRECATED_OBJC_IMPLEMENTATIONS = YES;
				CLANG_WARN_DIRECT_OBJC_ISA_USAGE = YES_ERROR;
				CLANG_WARN_DOCUMENTATION_COMMENTS = YES;
				CLANG_WARN_EMPTY_BODY = YES;
				CLANG_WARN_ENUM_CONVERSION = YES;
				CLANG_WARN_INFINITE_RECURSION = YES;
				CLANG_WARN_INT_CONVERSION = YES;
				CLANG_WARN_NON_LITERAL_NULL_CONVERSION = YES;
				CLANG_WARN_OBJC_IMPLICIT_RETAIN_SELF = YES;
				CLANG_WARN_OBJC_LITERAL_CONVERSION = YES;
				CLANG_WARN_OBJC_ROOT_CLASS = YES_ERROR;
				CLANG_WARN_QUOTED_INCLUDE_IN_FRAMEWORK_HEADER = YES;
				CLANG_WARN_RANGE_LOOP_ANALYSIS = YES;
				CLANG_WARN_STRICT_PROTOTYPES = YES;
				CLANG_WARN_SUSPICIOUS_MOVE = YES;
				CLANG_WARN_UNGUARDED_AVAILABILITY = YES_AGGRESSIVE;
				CLANG_WARN_UNREACHABLE_CODE = YES;
				CLANG_WARN__DUPLICATE_METHOD_MATCH = YES;
				COPY_PHASE_STRIP = NO;
				DEBUG_INFORMATION_FORMAT = dwarf;
				DEVELOPMENT_LANGUAGE = en;
				ENABLE_PREVIEWS = YES;
				ENABLE_STRICT_OBJC_MSGSEND = YES;
				ENABLE_TESTABILITY = YES;
				GCC_C_LANGUAGE_STANDARD = gnu11;
				GCC_DYNAMIC_NO_PIC = NO;
				GCC_NO_COMMON_BLOCKS = YES;
				GCC_OPTIMIZATION_LEVEL = 0;
				GCC_PREPROCESSOR_DEFINITIONS = (
					"$(inherited)",
					"DEBUG=1",
				);
				GCC_WARN_64_TO_32_BIT_CONVERSION = YES;
				GCC_WARN_ABOUT_RETURN_TYPE = YES_ERROR;
				GCC_WARN_UNDECLARED_SELECTOR = YES;
				GCC_WARN_UNINITIALIZED_AUTOS = YES_AGGRESSIVE;
				GCC_WARN_UNUSED_FUNCTION = YES;
				GCC_WARN_UNUSED_VARIABLE = YES;
				IPHONEOS_DEPLOYMENT_TARGET = 16.0;
				MTL_ENABLE_DEBUG_INFO = INCLUDE_SOURCE;
				MTL_FAST_MATH = YES;
				ONLY_ACTIVE_ARCH = YES;
				PRODUCT_NAME = CityWalk;
				SDKROOT = iphoneos;
				SWIFT_ACTIVE_COMPILATION_CONDITIONS = DEBUG;
				SWIFT_OPTIMIZATION_LEVEL = "-Onone";
				SWIFT_VERSION = 5.5;
				TARGETED_DEVICE_FAMILY = "1,2";
			};
			name = Debug;
		};
/* End XCBuildConfiguration section */

/* Begin XCConfigurationList section */
		94EB0CE7C0D10EAA275CC0ED /* Build configuration list for PBXProject "CityWalk" */ = {
			isa = XCConfigurationList;
			buildConfigurations = (
				D4BFD3159246611145CC88B2 /* Debug */,
				32DC6475BCFEFE4E3FD0157E /* Release */,
			);
			defaultConfigurationIsVisible = 0;
			defaultConfigurationName = Debug;
		};
		B4564856946F20D8DCCB6EED /* Build configuration list for PBXNativeTarget "CityWalk" */ = {
			isa = XCConfigurationList;
			buildConfigurations = (
				0A573C100FA8568F8FC21E94 /* Debug */,
				9D71089C7DA6A67B3ED26F5C /* Release */,
			);
			defaultConfigurationIsVisible = 0;
			defaultConfigurationName = Debug;
		};
/* End XCConfigurationList section */
	};
	rootObject = DE66A5B56B134EE57A3282CB /* Project object */;
}
